
Microsoft Visual Studio Solution File, Format Version 12.00
# Visual Studio 15
VisualStudioVersion = 15.0.28307.1340
MinimumVisualStudioVersion = 10.0.40219.1
Project("{FAE04EC0-301F-11D3-BF4B-00C04F79EFBC}") = "TodoApi21", "TodoApi21\TodoApi21.csproj", "{64C2677A-015D-47FF-B725-A35EB87A2F0C}"
EndProject
Global
	GlobalSection(SolutionConfigurationPlatforms) = preSolution
		Debug|Any CPU = Debug|Any CPU
		Release|Any CPU = Release|Any CPU
	EndGlobalSection
	GlobalSection(ProjectConfigurationPlatforms) = postSolution
		{64C2677A-015D-47FF-B725-A35EB87A2F0C}.Debug|Any CPU.ActiveCfg = Debug|Any CPU
		{64C2677A-015D-47FF-B725-A35EB87A2F0C}.Debug|Any CPU.Build.0 = Debug|Any CPU
		{64C2677A-015D-47FF-B725-A35EB87A2F0C}.Release|Any CPU.ActiveCfg = Release|Any CPU
		{64C2677A-015D-47FF-B725-A35EB87A2F0C}.Release|Any CPU.Build.0 = Release|Any CPU
	EndGlobalSection
	GlobalSection(SolutionProperties) = preSolution
		HideSolutionNode = FALSE
	EndGlobalSection
	GlobalSection(ExtensibilityGlobals) = postSolution
		SolutionGuid = {F5127AEE-6AF2-4F23-B674-A3006D304F4B}
	EndGlobalSection
EndGlobal
